{
  "name": "ajs2",
  "version": "1.0.0",
  "lockfileVersion": 3,
  "requires": true,
  "packages": {
    "": {
      "name": "ajs2",
      "version": "1.0.0",
      "license": "ISC",
      "dependencies": {
        "@ddoubledamage/ajs": "^1.0.1"
      }
    },
    "node_modules/@ddoubledamage/ajs": {
      "version": "1.0.1",
      "resolved": "https://npm.pkg.github.com/download/@ddoubledamage/ajs/1.0.1/8e3529f1741e46dc4480689250326b369575963e",
      "integrity": "sha512-5vPAvyWhLdJzi22d8lqd3DJQMGtyalP+8vtIFbSmM9o9jujQyrn5DSfMiwh+OpZiiTlpglR4tovm06j2sKEICA==",
      "license": "ISC"
    }
  }
}
